
Microsoft Visual Studio Solution File, Format Version 12.00
# Visual Studio Version 16
VisualStudioVersion = 16.0.31624.102
MinimumVisualStudioVersion = 10.0.40219.1
Project("{FAE04EC0-301F-11D3-BF4B-00C04F79EFBC}") = "EmailSender", "EmailSender\EmailSender.csproj", "{3A397197-7479-4AD6-8BFD-384BB9BECD12}"
EndProject
Global
	GlobalSection(SolutionConfigurationPlatforms) = preSolution
		Debug|Any CPU = Debug|Any CPU
		Release|Any CPU = Release|Any CPU
	EndGlobalSection
	GlobalSection(ProjectConfigurationPlatforms) = postSolution
		{3A397197-7479-4AD6-8BFD-384BB9BECD12}.Debug|Any CPU.ActiveCfg = Debug|Any CPU
		{3A397197-7479-4AD6-8BFD-384BB9BECD12}.Debug|Any CPU.Build.0 = Debug|Any CPU
		{3A397197-7479-4AD6-8BFD-384BB9BECD12}.Release|Any CPU.ActiveCfg = Release|Any CPU
		{3A397197-7479-4AD6-8BFD-384BB9BECD12}.Release|Any CPU.Build.0 = Release|Any CPU
	EndGlobalSection
	GlobalSection(SolutionProperties) = preSolution
		HideSolutionNode = FALSE
	EndGlobalSection
	GlobalSection(ExtensibilityGlobals) = postSolution
		SolutionGuid = {97B44174-E258-4D09-8F66-F9A4B333C081}
	EndGlobalSection
EndGlobal
